{
  "name": "edgar-cli",
  "version": "0.2.3",
  "lockfileVersion": 3,
  "requires": true,
  "packages": {
    "": {
      "name": "edgar-cli",
      "version": "0.2.3",
      "license": "MIT",
      "bin": {
        "edgar": "bin/edgar.cjs",
        "edgar-cli": "bin/edgar.cjs"
      },
      "engines": {
        "node": ">=18"
      },
      "optionalDependencies": {
        "edgar-cli-darwin-arm64": "0.2.2",
        "edgar-cli-linux-x64": "0.2.2"
      }
    },
    "node_modules/edgar-cli-darwin-arm64": {
      "optional": true
    },
    "node_modules/edgar-cli-linux-x64": {
      "optional": true
    }
  }
}
