{
  "name": "edgar-cli",
  "version": "0.2.3",
  "lockfileVersion": 3,
  "requires": true,
  "packages": {
    "": {
      "name": "edgar-cli",
      "version": "0.2.3",
      "license": "MIT",
      "bin": {
        "edgar": "bin/edgar.cjs",
        "edgar-cli": "bin/edgar.cjs"
      },
      "engines": {
        "node": ">=18"
      },
      "optionalDependencies": {
        "edgar-cli-darwin-arm64": "0.2.3",
        "edgar-cli-linux-x64": "0.2.3"
      }
    },
    "node_modules/edgar-cli-darwin-arm64": {
      "version": "0.2.3",
      "resolved": "https://registry.npmjs.org/edgar-cli-darwin-arm64/-/edgar-cli-darwin-arm64-0.2.3.tgz",
      "integrity": "sha512-IpQVp+raq24Zcwwz+DACHTtnz83JUFuEpsj4FsYS27tVbpAfk1t18YheEyhhI/xQJ6dhngMZ5aWstbrc3kROrA==",
      "cpu": [
        "arm64"
      ],
      "license": "MIT",
      "optional": true,
      "os": [
        "darwin"
      ],
      "bin": {
        "edgar-native": "bin/edgar"
      }
    },
    "node_modules/edgar-cli-linux-x64": {
      "version": "0.2.3",
      "resolved": "https://registry.npmjs.org/edgar-cli-linux-x64/-/edgar-cli-linux-x64-0.2.3.tgz",
      "integrity": "sha512-KqXAtrFMqk/n4rOvWrF3pAgv67KAfRnyV4koVIXKHooNXcPLD3TbEYfhVOoLn5R21V9uGRBM/ZZQ58mW7JqNGA==",
      "cpu": [
        "x64"
      ],
      "license": "MIT",
      "optional": true,
      "os": [
        "linux"
      ],
      "bin": {
        "edgar-native": "bin/edgar"
      }
    }
  }
}
